// !$*UTF8*$!
{
	archiveVersion = 1;
	classes = {
	};
	objectVersion = 56;
	objects = {

/* Begin PBXBuildFile section */
		A778A33D2944DF880047194F /* version.swift in Sources */ = {isa = PBXBuildFile; fileRef = A778A33C2944DF880047194F /* version.swift */; };
		A778A3482944E0BD0047194F /* MTDataAPI-SDK-Next in Frameworks */ = {isa = PBXBuildFile; productRef = A778A3472944E0BD0047194F /* MTDataAPI-SDK-Next */; };
/* End PBXBuildFile section */

/* Begin PBXCopyFilesBuildPhase section */
		A778A3372944DF880047194F /* CopyFiles */ = {
			isa = PBXCopyFilesBuildPhase;
			buildActionMask = 2147483647;
			dstPath = /usr/share/man/man1/;
			dstSubfolderSpec = 0;
			files = (
			);
			runOnlyForDeploymentPostprocessing = 1;
		};
/* End PBXCopyFilesBuildPhase section */

/* Begin PBXFileReference section */
		A778A3392944DF880047194F /* MTDataAPI-SDK-Next-CLI-Example */ = {isa = PBXFileReference; explicitFileType = "compiled.mach-o.executable"; includeInIndex = 0; path = "MTDataAPI-SDK-Next-CLI-Example"; sourceTree = BUILT_PRODUCTS_DIR; };
		A778A33C2944DF880047194F /* version.swift */ = {isa = PBXFileReference; lastKnownFileType = sourcecode.swift; path = version.swift; sourceTree = "<group>"; };
		A778A3442944DFA80047194F /* MTDataAPI-SDK-Next */ = {isa = PBXFileReference; lastKnownFileType = wrapper; name = "MTDataAPI-SDK-Next"; path = ../..; sourceTree = "<group>"; };
/* End PBXFileReference section */

/* Begin PBXFrameworksBuildPhase section */
		A778A3362944DF880047194F /* Frameworks */ = {
			isa = PBXFrameworksBuildPhase;
			buildActionMask = 2147483647;
			files = (
				A778A3482944E0BD0047194F /* MTDataAPI-SDK-Next in Frameworks */,
			);
			runOnlyForDeploymentPostprocessing = 0;
		};
/* End PBXFrameworksBuildPhase section */

/* Begin PBXGroup section */
		A778A3302944DF880047194F = {
			isa = PBXGroup;
			children = (
				A778A3432944DFA80047194F /* Packages */,
				A778A33B2944DF880047194F /* MTDataAPI-SDK-Next-CLI-Example */,
				A778A33A2944DF880047194F /* Products */,
				A778A3462944E0BD0047194F /* Frameworks */,
			);
			sourceTree = "<group>";
		};
		A778A33A2944DF880047194F /* Products */ = {
			isa = PBXGroup;
			children = (
				A778A3392944DF880047194F /* MTDataAPI-SDK-Next-CLI-Example */,
			);
			name = Products;
			sourceTree = "<group>";
		};
		A778A33B2944DF880047194F /* MTDataAPI-SDK-Next-CLI-Example */ = {
			isa = PBXGroup;
			children = (
				A778A33C2944DF880047194F /* version.swift */,
			);
			path = "MTDataAPI-SDK-Next-CLI-Example";
			sourceTree = "<group>";
		};
		A778A3432944DFA80047194F /* Packages */ = {
			isa = PBXGroup;
			children = (
				A778A3442944DFA80047194F /* MTDataAPI-SDK-Next */,
			);
			name = Packages;
			sourceTree = "<group>";
		};
		A778A3462944E0BD0047194F /* Frameworks */ = {
			isa = PBXGroup;
			children = (
			);
			name = Frameworks;
			sourceTree = "<group>";
		};
/* End PBXGroup section */

/* Begin PBXNativeTarget section */
		A778A3382944DF880047194F /* MTDataAPI-SDK-Next-CLI-Example */ = {
			isa = PBXNativeTarget;
			buildConfigurationList = A778A3402944DF880047194F /* Build configuration list for PBXNativeTarget "MTDataAPI-SDK-Next-CLI-Example" */;
			buildPhases = (
				A778A3352944DF880047194F /* Sources */,
				A778A3362944DF880047194F /* Frameworks */,
				A778A3372944DF880047194F /* CopyFiles */,
			);
			buildRules = (
			);
			dependencies = (
			);
			name = "MTDataAPI-SDK-Next-CLI-Example";
			packageProductDependencies = (
				A778A3472944E0BD0047194F /* MTDataAPI-SDK-Next */,
			);
			productName = "MTDataAPI-SDK-Next-CLI-Example";
			productReference = A778A3392944DF880047194F /* MTDataAPI-SDK-Next-CLI-Example */;
			productType = "com.apple.product-type.tool";
		};
/* End PBXNativeTarget section */

/* Begin PBXProject section */
		A778A3312944DF880047194F /* Project object */ = {
			isa = PBXProject;
			attributes = {
				BuildIndependentTargetsInParallel = 1;
				LastSwiftUpdateCheck = 1410;
				LastUpgradeCheck = 1410;
				TargetAttributes = {
					A778A3382944DF880047194F = {
						CreatedOnToolsVersion = 14.1;
					};
				};
			};
			buildConfigurationList = A778A3342944DF880047194F /* Build configuration list for PBXProject "MTDataAPI-SDK-Next-CLI-Example" */;
			compatibilityVersion = "Xcode 14.0";
			developmentRegion = en;
			hasScannedForEncodings = 0;
			knownRegions = (
				en,
				Base,
			);
			mainGroup = A778A3302944DF880047194F;
			productRefGroup = A778A33A2944DF880047194F /* Products */;
			projectDirPath = "";
			projectRoot = "";
			targets = (
				A778A3382944DF880047194F /* MTDataAPI-SDK-Next-CLI-Example */,
			);
		};
/* End PBXProject section */

/* Begin PBXSourcesBuildPhase section */
		A778A3352944DF880047194F /* Sources */ = {
			isa = PBXSourcesBuildPhase;
			buildActionMask = 2147483647;
			files = (
				A778A33D2944DF880047194F /* version.swift in Sources */,
			);
			runOnlyForDeploymentPostprocessing = 0;
		};
/* End PBXSourcesBuildPhase section */

/* Begin XCBuildConfiguration section */
		A778A33E2944DF880047194F /* Debug */ = {
			isa = XCBuildConfiguration;
			buildSettings = {
				ALWAYS_SEARCH_USER_PATHS = NO;
				CLANG_ANALYZER_NONNULL = YES;
				CLANG_ANALYZER_NUMBER_OBJECT_CONVERSION = YES_AGGRESSIVE;
				CLANG_CXX_LANGUAGE_STANDARD = "gnu++20";
				CLANG_ENABLE_MODULES = YES;
				CLANG_ENABLE_OBJC_ARC = YES;
				CLANG_ENABLE_OBJC_WEAK = YES;
				CLANG_WARN_BLOCK_CAPTURE_AUTORELEASING = YES;
				CLANG_WARN_BOOL_CONVERSION = YES;
				CLANG_WARN_COMMA = YES;
				CLANG_WARN_CONSTANT_CONVERSION = YES;
				CLANG_WARN_DEPRECATED_OBJC_IMPLEMENTATIONS = YES;
				CLANG_WARN_DIRECT_OBJC_ISA_USAGE = YES_ERROR;
				CLANG_WARN_DOCUMENTATION_COMMENTS = YES;
				CLANG_WARN_EMPTY_BODY = YES;
				CLANG_WARN_ENUM_CONVERSION = YES;
				CLANG_WARN_INFINITE_RECURSION = YES;
				CLANG_WARN_INT_CONVERSION = YES;
				CLANG_WARN_NON_LITERAL_NULL_CONVERSION = YES;
				CLANG_WARN_OBJC_IMPLICIT_RETAIN_SELF = YES;
				CLANG_WARN_OBJC_LITERAL_CONVERSION = YES;
				CLANG_WARN_OBJC_ROOT_CLASS = YES_ERROR;
				CLANG_WARN_QUOTED_INCLUDE_IN_FRAMEWORK_HEADER = YES;
				CLANG_WARN_RANGE_LOOP_ANALYSIS = YES;
				CLANG_WARN_STRICT_PROTOTYPES = YES;
				CLANG_WARN_SUSPICIOUS_MOVE = YES;
				CLANG_WARN_UNGUARDED_AVAILABILITY = YES_AGGRESSIVE;
				CLANG_WARN_UNREACHABLE_CODE = YES;
				CLANG_WARN__DUPLICATE_METHOD_MATCH = YES;
				COPY_PHASE_STRIP = NO;
				DEBUG_INFORMATION_FORMAT = dwarf;
				ENABLE_STRICT_OBJC_MSGSEND = YES;
				ENABLE_TESTABILITY = YES;
				GCC_C_LANGUAGE_STANDARD = gnu11;
				GCC_DYNAMIC_NO_PIC = NO;
				GCC_NO_COMMON_BLOCKS = YES;
				GCC_OPTIMIZATION_LEVEL = 0;
				GCC_PREPROCESSOR_DEFINITIONS = (
					"DEBUG=1",
					"$(inherited)",
				);
				GCC_WARN_64_TO_32_BIT_CONVERSION = YES;
				GCC_WARN_ABOUT_RETURN_TYPE = YES_ERROR;
				GCC_WARN_UNDECLARED_SELECTOR = YES;
				GCC_WARN_UNINITIALIZED_AUTOS = YES_AGGRESSIVE;
				GCC_WARN_UNUSED_FUNCTION = YES;
				GCC_WARN_UNUSED_VARIABLE = YES;
				MACOSX_DEPLOYMENT_TARGET = 12.6;
				MTL_ENABLE_DEBUG_INFO = INCLUDE_SOURCE;
				MTL_FAST_MATH = YES;
				ONLY_ACTIVE_ARCH = YES;
				SDKROOT = macosx;
				SWIFT_ACTIVE_COMPILATION_CONDITIONS = DEBUG;
				SWIFT_OPTIMIZATION_LEVEL = "-Onone";
			};
			name = Debug;
		};
		A778A33F2944DF880047194F /* Release */ = {
			isa = XCBuildConfiguration;
			buildSettings = {
				ALWAYS_SEARCH_USER_PATHS = NO;
				CLANG_ANALYZER_NONNULL = YES;
				CLANG_ANALYZER_NUMBER_OBJECT_CONVERSION = YES_AGGRESSIVE;
				CLANG_CXX_LANGUAGE_STANDARD = "gnu++20";
				CLANG_ENABLE_MODULES = YES;
				CLANG_ENABLE_OBJC_ARC = YES;
				CLANG_ENABLE_OBJC_WEAK = YES;
				CLANG_WARN_BLOCK_CAPTURE_AUTORELEASING = YES;
				CLANG_WARN_BOOL_CONVERSION = YES;
				CLANG_WARN_COMMA = YES;
				CLANG_WARN_CONSTANT_CONVERSION = YES;
				CLANG_WARN_DEPRECATED_OBJC_IMPLEMENTATIONS = YES;
				CLANG_WARN_DIRECT_OBJC_ISA_USAGE = YES_ERROR;
				CLANG_WARN_DOCUMENTATION_COMMENTS = YES;
				CLANG_WARN_EMPTY_BODY = YES;
				CLANG_WARN_ENUM_CONVERSION = YES;
				CLANG_WARN_INFINITE_RECURSION = YES;
				CLANG_WARN_INT_CONVERSION = YES;
				CLANG_WARN_NON_LITERAL_NULL_CONVERSION = YES;
				CLANG_WARN_OBJC_IMPLICIT_RETAIN_SELF = YES;
				CLANG_WARN_OBJC_LITERAL_CONVERSION = YES;
				CLANG_WARN_OBJC_ROOT_CLASS = YES_ERROR;
				CLANG_WARN_QUOTED_INCLUDE_IN_FRAMEWORK_HEADER = YES;
				CLANG_WARN_RANGE_LOOP_ANALYSIS = YES;
				CLANG_WARN_STRICT_PROTOTYPES = YES;
				CLANG_WARN_SUSPICIOUS_MOVE = YES;
				CLANG_WARN_UNGUARDED_AVAILABILITY = YES_AGGRESSIVE;
				CLANG_WARN_UNREACHABLE_CODE = YES;
				CLANG_WARN__DUPLICATE_METHOD_MATCH = YES;
				COPY_PHASE_STRIP = NO;
				DEBUG_INFORMATION_FORMAT = "dwarf-with-dsym";
				ENABLE_NS_ASSERTIONS = NO;
				ENABLE_STRICT_OBJC_MSGSEND = YES;
				GCC_C_LANGUAGE_STANDARD = gnu11;
				GCC_NO_COMMON_BLOCKS = YES;
				GCC_WARN_64_TO_32_BIT_CONVERSION = YES;
				GCC_WARN_ABOUT_RETURN_TYPE = YES_ERROR;
				GCC_WARN_UNDECLARED_SELECTOR = YES;
				GCC_WARN_UNINITIALIZED_AUTOS = YES_AGGRESSIVE;
				GCC_WARN_UNUSED_FUNCTION = YES;
				GCC_WARN_UNUSED_VARIABLE = YES;
				MACOSX_DEPLOYMENT_TARGET = 12.6;
				MTL_ENABLE_DEBUG_INFO = NO;
				MTL_FAST_MATH = YES;
				SDKROOT = macosx;
				SWIFT_COMPILATION_MODE = wholemodule;
				SWIFT_OPTIMIZATION_LEVEL = "-O";
			};
			name = Release;
		};
		A778A3412944DF880047194F /* Debug */ = {
			isa = XCBuildConfiguration;
			buildSettings = {
				CODE_SIGN_STYLE = Automatic;
				DEVELOPMENT_TEAM = K9KFT4KNTB;
				ENABLE_HARDENED_RUNTIME = YES;
				PRODUCT_NAME = "$(TARGET_NAME)";
				SWIFT_VERSION = 5.0;
			};
			name = Debug;
		};
		A778A3422944DF880047194F /* Release */ = {
			isa = XCBuildConfiguration;
			buildSettings = {
				CODE_SIGN_STYLE = Automatic;
				DEVELOPMENT_TEAM = K9KFT4KNTB;
				ENABLE_HARDENED_RUNTIME = YES;
				PRODUCT_NAME = "$(TARGET_NAME)";
				SWIFT_VERSION = 5.0;
			};
			name = Release;
		};
/* End XCBuildConfiguration section */

/* Begin XCConfigurationList section */
		A778A3342944DF880047194F /* Build configuration list for PBXProject "MTDataAPI-SDK-Next-CLI-Example" */ = {
			isa = XCConfigurationList;
			buildConfigurations = (
				A778A33E2944DF880047194F /* Debug */,
				A778A33F2944DF880047194F /* Release */,
			);
			defaultConfigurationIsVisible = 0;
			defaultConfigurationName = Release;
		};
		A778A3402944DF880047194F /* Build configuration list for PBXNativeTarget "MTDataAPI-SDK-Next-CLI-Example" */ = {
			isa = XCConfigurationList;
			buildConfigurations = (
				A778A3412944DF880047194F /* Debug */,
				A778A3422944DF880047194F /* Release */,
			);
			defaultConfigurationIsVisible = 0;
			defaultConfigurationName = Release;
		};
/* End XCConfigurationList section */

/* Begin XCSwiftPackageProductDependency section */
		A778A3472944E0BD0047194F /* MTDataAPI-SDK-Next */ = {
			isa = XCSwiftPackageProductDependency;
			productName = "MTDataAPI-SDK-Next";
		};
/* End XCSwiftPackageProductDependency section */
	};
	rootObject = A778A3312944DF880047194F /* Project object */;
}
